
Microsoft Visual Studio Solution File, Format Version 12.00
# Visual Studio Version 16
VisualStudioVersion = 16.0.31729.503
MinimumVisualStudioVersion = 10.0.40219.1
Project("{9A19103F-16F7-4668-BE54-9A1E7A4F7556}") = "DifferenceUtility.Net", "src\DifferenceUtility.Net\DifferenceUtility.Net.csproj", "{75076881-1949-4B4D-87FF-9E56AD6E03D8}"
EndProject
Project("{9A19103F-16F7-4668-BE54-9A1E7A4F7556}") = "Sample.NetConsole.People", "samples\Sample.NetConsole.People\Sample.NetConsole.People.csproj", "{44AE44B5-0414-42AC-9F60-F27F07869443}"
EndProject
Project("{9A19103F-16F7-4668-BE54-9A1E7A4F7556}") = "Sample.MvvmCross.Core", "samples\Sample.MvvmCross.Core\Sample.MvvmCross.Core.csproj", "{73DC0A28-6E0C-42E7-8A14-639AC8E1392D}"
EndProject
Project("{FAE04EC0-301F-11D3-BF4B-00C04F79EFBC}") = "Sample.MvvmCross.Droid", "samples\Sample.MvvmCross.Droid\Sample.MvvmCross.Droid.csproj", "{8BE2BB29-9C38-4DA4-9D5C-8AF3178CF7C0}"
EndProject
Project("{9A19103F-16F7-4668-BE54-9A1E7A4F7556}") = "Sample.Assets", "samples\Sample.Assets\Sample.Assets.csproj", "{67C6ED6F-1374-4A57-8356-52F8786E4429}"
EndProject
Project("{2150E333-8FDC-42A3-9474-1A3956D46DE8}") = "Samples", "Samples", "{900AA60C-5D56-4359-8735-9E3C8AA1A844}"
EndProject
Project("{FAE04EC0-301F-11D3-BF4B-00C04F79EFBC}") = "DifferenceUtility.Net.Benchmarks", "src\DifferenceUtility.Net.Benchmarks\DifferenceUtility.Net.Benchmarks.csproj", "{C2625D9D-7322-41BB-AC55-9D332F87A618}"
EndProject
Project("{FAE04EC0-301F-11D3-BF4B-00C04F79EFBC}") = "Sample.NetConsole.Characters", "samples\Sample.NetConsole.Characters\Sample.NetConsole.Characters.csproj", "{DE3E960E-8481-4236-87BC-C77FCBB12C5F}"
EndProject
Project("{FAE04EC0-301F-11D3-BF4B-00C04F79EFBC}") = "Sample.NetConsole.Reliability", "samples\Sample.NetConsole.Reliability\Sample.NetConsole.Reliability.csproj", "{060E538D-3CE2-4BFC-9B71-429B4A0E63B0}"
EndProject
Global
	GlobalSection(SolutionConfigurationPlatforms) = preSolution
		Debug|Any CPU = Debug|Any CPU
		Release|Any CPU = Release|Any CPU
	EndGlobalSection
	GlobalSection(ProjectConfigurationPlatforms) = postSolution
		{75076881-1949-4B4D-87FF-9E56AD6E03D8}.Debug|Any CPU.ActiveCfg = Debug|Any CPU
		{75076881-1949-4B4D-87FF-9E56AD6E03D8}.Debug|Any CPU.Build.0 = Debug|Any CPU
		{75076881-1949-4B4D-87FF-9E56AD6E03D8}.Release|Any CPU.ActiveCfg = Release|Any CPU
		{75076881-1949-4B4D-87FF-9E56AD6E03D8}.Release|Any CPU.Build.0 = Release|Any CPU
		{44AE44B5-0414-42AC-9F60-F27F07869443}.Debug|Any CPU.ActiveCfg = Debug|Any CPU
		{44AE44B5-0414-42AC-9F60-F27F07869443}.Debug|Any CPU.Build.0 = Debug|Any CPU
		{44AE44B5-0414-42AC-9F60-F27F07869443}.Release|Any CPU.ActiveCfg = Release|Any CPU
		{44AE44B5-0414-42AC-9F60-F27F07869443}.Release|Any CPU.Build.0 = Release|Any CPU
		{73DC0A28-6E0C-42E7-8A14-639AC8E1392D}.Debug|Any CPU.ActiveCfg = Debug|Any CPU
		{73DC0A28-6E0C-42E7-8A14-639AC8E1392D}.Debug|Any CPU.Build.0 = Debug|Any CPU
		{73DC0A28-6E0C-42E7-8A14-639AC8E1392D}.Release|Any CPU.ActiveCfg = Release|Any CPU
		{73DC0A28-6E0C-42E7-8A14-639AC8E1392D}.Release|Any CPU.Build.0 = Release|Any CPU
		{8BE2BB29-9C38-4DA4-9D5C-8AF3178CF7C0}.Debug|Any CPU.ActiveCfg = Debug|Any CPU
		{8BE2BB29-9C38-4DA4-9D5C-8AF3178CF7C0}.Debug|Any CPU.Build.0 = Debug|Any CPU
		{8BE2BB29-9C38-4DA4-9D5C-8AF3178CF7C0}.Debug|Any CPU.Deploy.0 = Debug|Any CPU
		{8BE2BB29-9C38-4DA4-9D5C-8AF3178CF7C0}.Release|Any CPU.ActiveCfg = Release|Any CPU
		{8BE2BB29-9C38-4DA4-9D5C-8AF3178CF7C0}.Release|Any CPU.Build.0 = Release|Any CPU
		{8BE2BB29-9C38-4DA4-9D5C-8AF3178CF7C0}.Release|Any CPU.Deploy.0 = Release|Any CPU
		{67C6ED6F-1374-4A57-8356-52F8786E4429}.Debug|Any CPU.ActiveCfg = Debug|Any CPU
		{67C6ED6F-1374-4A57-8356-52F8786E4429}.Debug|Any CPU.Build.0 = Debug|Any CPU
		{67C6ED6F-1374-4A57-8356-52F8786E4429}.Release|Any CPU.ActiveCfg = Release|Any CPU
		{67C6ED6F-1374-4A57-8356-52F8786E4429}.Release|Any CPU.Build.0 = Release|Any CPU
		{C2625D9D-7322-41BB-AC55-9D332F87A618}.Debug|Any CPU.ActiveCfg = Debug|Any CPU
		{C2625D9D-7322-41BB-AC55-9D332F87A618}.Debug|Any CPU.Build.0 = Debug|Any CPU
		{C2625D9D-7322-41BB-AC55-9D332F87A618}.Release|Any CPU.ActiveCfg = Release|Any CPU
		{C2625D9D-7322-41BB-AC55-9D332F87A618}.Release|Any CPU.Build.0 = Release|Any CPU
		{DE3E960E-8481-4236-87BC-C77FCBB12C5F}.Debug|Any CPU.ActiveCfg = Debug|Any CPU
		{DE3E960E-8481-4236-87BC-C77FCBB12C5F}.Debug|Any CPU.Build.0 = Debug|Any CPU
		{DE3E960E-8481-4236-87BC-C77FCBB12C5F}.Release|Any CPU.ActiveCfg = Release|Any CPU
		{DE3E960E-8481-4236-87BC-C77FCBB12C5F}.Release|Any CPU.Build.0 = Release|Any CPU
		{060E538D-3CE2-4BFC-9B71-429B4A0E63B0}.Debug|Any CPU.ActiveCfg = Debug|Any CPU
		{060E538D-3CE2-4BFC-9B71-429B4A0E63B0}.Debug|Any CPU.Build.0 = Debug|Any CPU
		{060E538D-3CE2-4BFC-9B71-429B4A0E63B0}.Release|Any CPU.ActiveCfg = Release|Any CPU
		{060E538D-3CE2-4BFC-9B71-429B4A0E63B0}.Release|Any CPU.Build.0 = Release|Any CPU
	EndGlobalSection
	GlobalSection(SolutionProperties) = preSolution
		HideSolutionNode = FALSE
	EndGlobalSection
	GlobalSection(NestedProjects) = preSolution
		{44AE44B5-0414-42AC-9F60-F27F07869443} = {900AA60C-5D56-4359-8735-9E3C8AA1A844}
		{73DC0A28-6E0C-42E7-8A14-639AC8E1392D} = {900AA60C-5D56-4359-8735-9E3C8AA1A844}
		{8BE2BB29-9C38-4DA4-9D5C-8AF3178CF7C0} = {900AA60C-5D56-4359-8735-9E3C8AA1A844}
		{67C6ED6F-1374-4A57-8356-52F8786E4429} = {900AA60C-5D56-4359-8735-9E3C8AA1A844}
		{DE3E960E-8481-4236-87BC-C77FCBB12C5F} = {900AA60C-5D56-4359-8735-9E3C8AA1A844}
		{060E538D-3CE2-4BFC-9B71-429B4A0E63B0} = {900AA60C-5D56-4359-8735-9E3C8AA1A844}
	EndGlobalSection
	GlobalSection(ExtensibilityGlobals) = postSolution
		SolutionGuid = {8C8FB63B-55F8-4E45-A2F0-BE1E4FD0A715}
	EndGlobalSection
EndGlobal
